# This file is automatically @generated by Cargo.
# It is not intended for manual editing.
version = 4

[[package]]
name = "xetal-array"
version = "0.1.0"
dependencies = [
 "xetal-base",
]

[[package]]
name = "xetal-base"
version = "0.1.0"

[[package]]
name = "xetal-core"
version = "0.1.0"
dependencies = [
 "xetal-base",
 "xetal-lex",
 "xetal-syntax",
]

[[package]]
name = "xetal-eval"
version = "0.1.0"
dependencies = [
 "xetal-array",
 "xetal-base",
 "xetal-core",
 "xetal-lex",
 "xetal-types",
]

[[package]]
name = "xetal-lex"
version = "0.1.0"
dependencies = [
 "xetal-base",
]

[[package]]
name = "xetal-syntax"
version = "0.1.0"
dependencies = [
 "xetal-base",
 "xetal-lex",
]

[[package]]
name = "xetal-ty"
version = "0.1.0"
dependencies = [
 "xetal-base",
]

[[package]]
name = "xetal-types"
version = "0.1.0"
dependencies = [
 "xetal-base",
 "xetal-core",
 "xetal-lex",
 "xetal-ty",
]
