# This file is automatically @generated by Cargo.
# It is not intended for manual editing.
version = 4

[[package]]
name = "xetal-arith"
version = "0.1.0"
dependencies = [
 "xetal-array",
 "xetal-base",
 "xetal-value",
]

[[package]]
name = "xetal-array"
version = "0.1.0"
dependencies = [
 "xetal-base",
]

[[package]]
name = "xetal-ast"
version = "0.1.0"
dependencies = [
 "xetal-base",
 "xetal-lex",
]

[[package]]
name = "xetal-base"
version = "0.1.0"

[[package]]
name = "xetal-core"
version = "0.1.0"
dependencies = [
 "xetal-base",
 "xetal-ir",
 "xetal-lex",
 "xetal-syntax",
]

[[package]]
name = "xetal-ir"
version = "0.1.0"
dependencies = [
 "xetal-base",
 "xetal-lex",
]

[[package]]
name = "xetal-lex"
version = "0.1.0"
dependencies = [
 "xetal-base",
]

[[package]]
name = "xetal-search"
version = "0.1.0"
dependencies = [
 "xetal-arith",
 "xetal-array",
 "xetal-base",
 "xetal-value",
]

[[package]]
name = "xetal-syntax"
version = "0.1.0"
dependencies = [
 "xetal-ast",
 "xetal-base",
 "xetal-lex",
]

[[package]]
name = "xetal-value"
version = "0.1.0"
dependencies = [
 "xetal-array",
 "xetal-base",
 "xetal-core",
]
